github.com/gethinode/mod-utils/v6 v6.0.1 h1:EnmMHjqnI/xyHPXFj1SdRLfVxNunJcKLGVtSAAFTQ8w=
github.com/gethinode/mod-utils/v6 v6.0.1/go.mod h1:E5tO9w3VKaidJpu1nI8zAKmh0bddFHOIIQnudAaXQTs=
github.com/gethinode/mod-utils/v6 v6.4.0 h1:l49KrawKE/7c6XE00wXQ9T5/kuTfiETerBz6OWn3SJc=
github.com/gethinode/mod-utils/v6 v6.4.0/go.mod h1:E5tO9w3VKaidJpu1nI8zAKmh0bddFHOIIQnudAaXQTs=
github.com/gethinode/mod-utils/v6 v6.4.1 h1:jHiJEwSjLp6tqIXayxUQTxILwnM7hWMgYyTYhxFE3ZA=
github.com/gethinode/mod-utils/v6 v6.4.1/go.mod h1:E5tO9w3VKaidJpu1nI8zAKmh0bddFHOIIQnudAaXQTs=
github.com/gethinode/mod-utils/v6 v6.5.0 h1:NdeITAfjt2ah9OHt0Nuu6F+STlC0bO9oHaFl8Agi2rk=
github.com/gethinode/mod-utils/v6 v6.5.0/go.mod h1:E5tO9w3VKaidJpu1nI8zAKmh0bddFHOIIQnudAaXQTs=
github.com/gethinode/mod-utils/v6 v6.5.1 h1:HhCN8Bc0cWxIY0ukjKP9O3jDbKg9F/YaTPO6vqjjk+I=
github.com/gethinode/mod-utils/v6 v6.5.1/go.mod h1:E5tO9w3VKaidJpu1nI8zAKmh0bddFHOIIQnudAaXQTs=
github.com/gethinode/mod-utils/v6 v6.6.2 h1:hSk1SR1MLkgZMh6cdZWwwUpGxf2vt0HQFVcbc0QQjdw=
github.com/gethinode/mod-utils/v6 v6.6.2/go.mod h1:E5tO9w3VKaidJpu1nI8zAKmh0bddFHOIIQnudAaXQTs=
