github.com/gethinode/mod-hanko v1.1.1 h1:GqAmVBEq+aB0lMTuxGHvYgvuX4wUODLrMt6x/Ngcd8s=
github.com/gethinode/mod-hanko v1.1.1/go.mod h1:RCYZk2BRTeUHaWDYBh5z8DvtG2s2oGRnpqvKalBrHjU=
github.com/gethinode/mod-hanko v1.2.0 h1:fx//XFT29EtpTdco0XYonj6jrojbOB5qcBQ/JwRs2DE=
github.com/gethinode/mod-hanko v1.2.0/go.mod h1:RCYZk2BRTeUHaWDYBh5z8DvtG2s2oGRnpqvKalBrHjU=
github.com/gethinode/mod-hanko v1.2.1 h1:oxK6EugP43Fb5Q2cyOcQjxMlr5GFKdcmQcETSqAEJnc=
github.com/gethinode/mod-hanko v1.2.1/go.mod h1:RCYZk2BRTeUHaWDYBh5z8DvtG2s2oGRnpqvKalBrHjU=
github.com/gethinode/mod-hanko v1.3.0 h1:0eWHZVcV0rI5WmaU4eRrohnV39lmUJIXq2llX/PaXHg=
github.com/gethinode/mod-hanko v1.3.0/go.mod h1:RCYZk2BRTeUHaWDYBh5z8DvtG2s2oGRnpqvKalBrHjU=
github.com/gethinode/mod-hanko v1.3.1 h1:1JBZsyQI03sqWiIR4AWo0Zu9Cxs5tC+tcyV8+zYQVDM=
github.com/gethinode/mod-hanko v1.3.1/go.mod h1:RCYZk2BRTeUHaWDYBh5z8DvtG2s2oGRnpqvKalBrHjU=
github.com/gethinode/mod-hanko/v2 v2.0.0 h1:9q1aXbd7rmqD/aW/Tjszvv0AwYjtt+r5U9BfiNurFtY=
github.com/gethinode/mod-hanko/v2 v2.0.0/go.mod h1:LbTSWIhSIBk3OJzZ1fHhk2Xhmo+78/9pyY5yfDkMp90=
github.com/gethinode/mod-hanko/v2 v2.0.1 h1:sajQiwHfr6BWenKJzQn2JmstXk0qD8VIUrzcccj7F5o=
github.com/gethinode/mod-hanko/v2 v2.0.1/go.mod h1:PFPr01ZeJqXkSDASyADJ9TqAonjU8aKzY7Dl9PhFPQM=
github.com/gethinode/mod-hanko/v2 v2.0.2 h1:n77zi1xGbgNwJuhxmZEoDqktyTcIZ/gkzFp9StrpUTM=
github.com/gethinode/mod-hanko/v2 v2.0.2/go.mod h1:PFPr01ZeJqXkSDASyADJ9TqAonjU8aKzY7Dl9PhFPQM=
github.com/gethinode/mod-utils/v4 v4.13.0 h1:VKAA+wKy4saayXfgJuVBRfhNVWQWmxOjO8LSpQCvLfw=
github.com/gethinode/mod-utils/v4 v4.13.0/go.mod h1:bYmvRdAo4ICy5MpSGafDvO4p5bTDpsDKFCPL3bH0mN4=
github.com/gethinode/mod-utils/v4 v4.13.1 h1:Zt9xQQgcb3xA0rrYgVD5ZO3idMAXATfirrF9BmLtR30=
github.com/gethinode/mod-utils/v4 v4.13.1/go.mod h1:bYmvRdAo4ICy5MpSGafDvO4p5bTDpsDKFCPL3bH0mN4=
github.com/gethinode/mod-utils/v4 v4.14.0 h1:CF5dy+HWg22L306bWVhClWK9b1NVinEqtb4Qr2vcl9A=
github.com/gethinode/mod-utils/v4 v4.14.0/go.mod h1:bYmvRdAo4ICy5MpSGafDvO4p5bTDpsDKFCPL3bH0mN4=
github.com/gethinode/mod-utils/v4 v4.15.1 h1:zsn6pYxMePLqsNaX+V8qND5tAbbp/CiscgZrnFAxc2s=
github.com/gethinode/mod-utils/v4 v4.15.1/go.mod h1:bYmvRdAo4ICy5MpSGafDvO4p5bTDpsDKFCPL3bH0mN4=
github.com/gethinode/mod-utils/v4 v4.16.0 h1:yroLCeQyE/xU46YIKS81ZtFsOONTmVudrv2qW7IBH5Q=
github.com/gethinode/mod-utils/v4 v4.16.0/go.mod h1:bYmvRdAo4ICy5MpSGafDvO4p5bTDpsDKFCPL3bH0mN4=
github.com/gethinode/mod-utils/v4 v4.16.1 h1:HjV6TONU7ZbXC2xZIPRupjKOUORddtQH8bb4dnULY1U=
github.com/gethinode/mod-utils/v4 v4.16.1/go.mod h1:bYmvRdAo4ICy5MpSGafDvO4p5bTDpsDKFCPL3bH0mN4=
github.com/gethinode/mod-utils/v4 v4.17.0 h1:nDyXpZ0mCtf3ZML8G6bjeYJsI7Ne/Ze8rEWEa9zh6CI=
github.com/gethinode/mod-utils/v4 v4.17.0/go.mod h1:bYmvRdAo4ICy5MpSGafDvO4p5bTDpsDKFCPL3bH0mN4=
github.com/gethinode/mod-utils/v4 v4.18.0 h1:CLxuPCbsQBGVgAM1x5nmh6V0HJoOcltIfKG9sthpsTk=
github.com/gethinode/mod-utils/v4 v4.18.0/go.mod h1:bYmvRdAo4ICy5MpSGafDvO4p5bTDpsDKFCPL3bH0mN4=
github.com/gethinode/mod-utils/v4 v4.19.0 h1:zTKbfhcFDrEsrQI09zyI7JKQTmAQuuB9OGy7bpB8nDY=
github.com/gethinode/mod-utils/v4 v4.19.0/go.mod h1:bYmvRdAo4ICy5MpSGafDvO4p5bTDpsDKFCPL3bH0mN4=
github.com/gethinode/mod-utils/v4 v4.20.0 h1:hGhx0qOzrIvOYrn8ozgo1X9tO/I2F8S2+6yyXK4Oj4c=
github.com/gethinode/mod-utils/v4 v4.20.0/go.mod h1:bYmvRdAo4ICy5MpSGafDvO4p5bTDpsDKFCPL3bH0mN4=
github.com/gethinode/mod-utils/v4 v4.21.1 h1:+YAAwD3yiVBO2ozajKgbxh4IKYhBJUHhKyIfBMz7x5A=
github.com/gethinode/mod-utils/v4 v4.21.1/go.mod h1:bYmvRdAo4ICy5MpSGafDvO4p5bTDpsDKFCPL3bH0mN4=
github.com/gethinode/mod-utils/v4 v4.21.3 h1:F6pyHbgGzL1FGEV66j8T4hDg3a80cJ/PgPsU8UZq+AY=
github.com/gethinode/mod-utils/v4 v4.21.3/go.mod h1:bYmvRdAo4ICy5MpSGafDvO4p5bTDpsDKFCPL3bH0mN4=
github.com/gethinode/mod-utils/v4 v4.21.5 h1:X3dxeBGDpFCsFcqk21l6eWtUYYGIQcExvHnlOQnvR04=
github.com/gethinode/mod-utils/v4 v4.21.5/go.mod h1:bYmvRdAo4ICy5MpSGafDvO4p5bTDpsDKFCPL3bH0mN4=
github.com/gethinode/mod-utils/v4 v4.21.6 h1:txvb0yHA9aIhP4IEHmxzAt3hpeuAJZZDIfCmjLpzBuI=
github.com/gethinode/mod-utils/v4 v4.21.6/go.mod h1:bYmvRdAo4ICy5MpSGafDvO4p5bTDpsDKFCPL3bH0mN4=
github.com/gethinode/mod-utils/v5 v5.0.0 h1:iF8FtgzQu9BW7R94sJ77gltSZO2QkAv60EMNvtTSpIA=
github.com/gethinode/mod-utils/v5 v5.0.0/go.mod h1:PwQN4oOjA6k/vet11JueJ9asZMgL0DBa3jyS9tPkBWU=
github.com/gethinode/mod-utils/v5 v5.2.0 h1:ad0AbdNfJi7hIOy8KAC2e1gXCsh2LiIhIJACaEMllM8=
github.com/gethinode/mod-utils/v5 v5.2.0/go.mod h1:PwQN4oOjA6k/vet11JueJ9asZMgL0DBa3jyS9tPkBWU=
github.com/gethinode/mod-utils/v5 v5.3.1 h1:5bmhPm3Wunn3/8MfTCtqIQRUn1efnNpVduPUzh+H3rw=
github.com/gethinode/mod-utils/v5 v5.3.1/go.mod h1:PwQN4oOjA6k/vet11JueJ9asZMgL0DBa3jyS9tPkBWU=
github.com/gethinode/mod-utils/v5 v5.3.2 h1:+i/JTHyc+S3dd6yNQAcMuVyfsgLcy0n8dxWxaqjtf2A=
github.com/gethinode/mod-utils/v5 v5.3.2/go.mod h1:PwQN4oOjA6k/vet11JueJ9asZMgL0DBa3jyS9tPkBWU=
github.com/gethinode/mod-utils/v5 v5.4.1 h1:iaQ8RTvK9p0JevaDW0c84fl/arDnDe2hu8FmgURt/l4=
github.com/gethinode/mod-utils/v5 v5.4.1/go.mod h1:PwQN4oOjA6k/vet11JueJ9asZMgL0DBa3jyS9tPkBWU=
github.com/gethinode/mod-utils/v5 v5.4.2 h1:/FSQ8yJ8rQaRDiA0sgcrrZX/asaFjjJMNap2pvQKZFk=
github.com/gethinode/mod-utils/v5 v5.4.2/go.mod h1:PwQN4oOjA6k/vet11JueJ9asZMgL0DBa3jyS9tPkBWU=
github.com/gethinode/mod-utils/v5 v5.5.0 h1:codE7hGNoORJ6GDOuFDXMDqQjw7yX89lfVHADEWacBs=
github.com/gethinode/mod-utils/v5 v5.5.0/go.mod h1:PwQN4oOjA6k/vet11JueJ9asZMgL0DBa3jyS9tPkBWU=
github.com/gethinode/mod-utils/v5 v5.6.0 h1:QdG5qu3Xc4VBEp/g5DMfjEkbDftM3zMBHd22qrAYSdw=
github.com/gethinode/mod-utils/v5 v5.6.0/go.mod h1:PwQN4oOjA6k/vet11JueJ9asZMgL0DBa3jyS9tPkBWU=
github.com/gethinode/mod-utils/v5 v5.7.0 h1:NFiQcOu4NfIOIICkY3bTe473MEu3EYaceJlM4O/EybM=
github.com/gethinode/mod-utils/v5 v5.7.0/go.mod h1:PwQN4oOjA6k/vet11JueJ9asZMgL0DBa3jyS9tPkBWU=
github.com/gethinode/mod-utils/v5 v5.7.1 h1:Fgat+KsWct8UKHtqeVtMam1J9X+jgNuME2/u+eioSww=
github.com/gethinode/mod-utils/v5 v5.7.1/go.mod h1:PwQN4oOjA6k/vet11JueJ9asZMgL0DBa3jyS9tPkBWU=
